
Microsoft Visual Studio Solution File, Format Version 11.00
# Visual Studio 2010
Project("{FAE04EC0-301F-11D3-BF4B-00C04F79EFBC}") = "Studie1", "Studie1\Studie1.csproj", "{6F4CDE74-51DA-48B6-A957-68951F713783}"
EndProject
Project("{FAE04EC0-301F-11D3-BF4B-00C04F79EFBC}") = "Schnittstellen", "ClassLibrary1\Schnittstellen.csproj", "{1E450ECC-B127-47B5-8557-C676BD56FE76}"
EndProject
Project("{FAE04EC0-301F-11D3-BF4B-00C04F79EFBC}") = "Studie1AvatarContent", "..\..\Studie1AvatarContent\Studie1AvatarContent.contentproj", "{7638FE02-3F3B-4D49-A9E5-F26C83F7B269}"
EndProject
Project("{FAE04EC0-301F-11D3-BF4B-00C04F79EFBC}") = "Studie1Avatar", "..\..\Studie1Avatar\Studie1Avatar.csproj", "{C56AE99F-9A13-4C88-A188-5316585B7B8B}"
EndProject
Global
	GlobalSection(SubversionScc) = preSolution
		Svn-Managed = True
		Manager = AnkhSVN - Subversion Support for Visual Studio
	EndGlobalSection
	GlobalSection(SolutionConfigurationPlatforms) = preSolution
		Debug|Any CPU = Debug|Any CPU
		Debug|Mixed Platforms = Debug|Mixed Platforms
		Debug|x86 = Debug|x86
		Release|Any CPU = Release|Any CPU
		Release|Mixed Platforms = Release|Mixed Platforms
		Release|x86 = Release|x86
	EndGlobalSection
	GlobalSection(ProjectConfigurationPlatforms) = postSolution
		{6F4CDE74-51DA-48B6-A957-68951F713783}.Debug|Any CPU.ActiveCfg = Debug|x86
		{6F4CDE74-51DA-48B6-A957-68951F713783}.Debug|Mixed Platforms.ActiveCfg = Debug|x86
		{6F4CDE74-51DA-48B6-A957-68951F713783}.Debug|Mixed Platforms.Build.0 = Debug|x86
		{6F4CDE74-51DA-48B6-A957-68951F713783}.Debug|x86.ActiveCfg = Debug|x86
		{6F4CDE74-51DA-48B6-A957-68951F713783}.Debug|x86.Build.0 = Debug|x86
		{6F4CDE74-51DA-48B6-A957-68951F713783}.Release|Any CPU.ActiveCfg = Release|x86
		{6F4CDE74-51DA-48B6-A957-68951F713783}.Release|Mixed Platforms.ActiveCfg = Release|x86
		{6F4CDE74-51DA-48B6-A957-68951F713783}.Release|Mixed Platforms.Build.0 = Release|x86
		{6F4CDE74-51DA-48B6-A957-68951F713783}.Release|x86.ActiveCfg = Release|x86
		{6F4CDE74-51DA-48B6-A957-68951F713783}.Release|x86.Build.0 = Release|x86
		{1E450ECC-B127-47B5-8557-C676BD56FE76}.Debug|Any CPU.ActiveCfg = Debug|Any CPU
		{1E450ECC-B127-47B5-8557-C676BD56FE76}.Debug|Any CPU.Build.0 = Debug|Any CPU
		{1E450ECC-B127-47B5-8557-C676BD56FE76}.Debug|Mixed Platforms.ActiveCfg = Debug|Any CPU
		{1E450ECC-B127-47B5-8557-C676BD56FE76}.Debug|Mixed Platforms.Build.0 = Debug|Any CPU
		{1E450ECC-B127-47B5-8557-C676BD56FE76}.Debug|x86.ActiveCfg = Debug|Any CPU
		{1E450ECC-B127-47B5-8557-C676BD56FE76}.Release|Any CPU.ActiveCfg = Release|Any CPU
		{1E450ECC-B127-47B5-8557-C676BD56FE76}.Release|Any CPU.Build.0 = Release|Any CPU
		{1E450ECC-B127-47B5-8557-C676BD56FE76}.Release|Mixed Platforms.ActiveCfg = Release|Any CPU
		{1E450ECC-B127-47B5-8557-C676BD56FE76}.Release|Mixed Platforms.Build.0 = Release|Any CPU
		{1E450ECC-B127-47B5-8557-C676BD56FE76}.Release|x86.ActiveCfg = Release|Any CPU
		{7638FE02-3F3B-4D49-A9E5-F26C83F7B269}.Debug|Any CPU.ActiveCfg = Debug|x86
		{7638FE02-3F3B-4D49-A9E5-F26C83F7B269}.Debug|Mixed Platforms.ActiveCfg = Debug|x86
		{7638FE02-3F3B-4D49-A9E5-F26C83F7B269}.Debug|x86.ActiveCfg = Debug|x86
		{7638FE02-3F3B-4D49-A9E5-F26C83F7B269}.Release|Any CPU.ActiveCfg = Release|x86
		{7638FE02-3F3B-4D49-A9E5-F26C83F7B269}.Release|Mixed Platforms.ActiveCfg = Release|x86
		{7638FE02-3F3B-4D49-A9E5-F26C83F7B269}.Release|x86.ActiveCfg = Release|x86
		{C56AE99F-9A13-4C88-A188-5316585B7B8B}.Debug|Any CPU.ActiveCfg = Debug|x86
		{C56AE99F-9A13-4C88-A188-5316585B7B8B}.Debug|Mixed Platforms.ActiveCfg = Debug|x86
		{C56AE99F-9A13-4C88-A188-5316585B7B8B}.Debug|Mixed Platforms.Build.0 = Debug|x86
		{C56AE99F-9A13-4C88-A188-5316585B7B8B}.Debug|x86.ActiveCfg = Debug|x86
		{C56AE99F-9A13-4C88-A188-5316585B7B8B}.Debug|x86.Build.0 = Debug|x86
		{C56AE99F-9A13-4C88-A188-5316585B7B8B}.Release|Any CPU.ActiveCfg = Release|x86
		{C56AE99F-9A13-4C88-A188-5316585B7B8B}.Release|Mixed Platforms.ActiveCfg = Release|x86
		{C56AE99F-9A13-4C88-A188-5316585B7B8B}.Release|Mixed Platforms.Build.0 = Release|x86
		{C56AE99F-9A13-4C88-A188-5316585B7B8B}.Release|x86.ActiveCfg = Release|x86
		{C56AE99F-9A13-4C88-A188-5316585B7B8B}.Release|x86.Build.0 = Release|x86
	EndGlobalSection
	GlobalSection(SolutionProperties) = preSolution
		HideSolutionNode = FALSE
	EndGlobalSection
EndGlobal
